{
	"name": "@jagaad/scripts",
	"version": "0.0.0",
	"lockfileVersion": 3,
	"requires": true,
	"packages": {
		"": {
			"name": "@jagaad/scripts",
			"version": "0.0.0",
			"license": "MIT",
			"dependencies": {
				"@jagaad/utils": "^0.6.0"
			},
			"devDependencies": {
				"@jagaad/prettier-config": "^1.1.1",
				"prettier": "^3.5.3"
			}
		},
		"node_modules/@jagaad/prettier-config": {
			"version": "1.1.1",
			"resolved": "https://registry.npmjs.org/@jagaad/prettier-config/-/prettier-config-1.1.1.tgz",
			"integrity": "sha512-6Dz0B+lqqD3Zv2x27jDgJACm2iNfXpixfXMAW28TZIcFroheHBDUuQMb6720KhpkuUPZQ0hp85ktNm2tuu8NoA==",
			"dev": true,
			"license": "ISC"
		},
		"node_modules/@jagaad/utils": {
			"version": "0.6.0",
			"resolved": "https://registry.npmjs.org/@jagaad/utils/-/utils-0.6.0.tgz",
			"integrity": "sha512-BKqj8R+vUwzHBYkC9nABulOj1nMRZWx2+tBTOkQBjVRGw8isDskk0KJ1IfrrHnruL3tkbmiVxLRY3Rc79waVKw==",
			"license": "MIT",
			"dependencies": {
				"type-fest": "^4.37.0"
			},
			"engines": {
				"node": ">=20",
				"npm": ">=10"
			}
		},
		"node_modules/prettier": {
			"version": "3.5.3",
			"resolved": "https://registry.npmjs.org/prettier/-/prettier-3.5.3.tgz",
			"integrity": "sha512-QQtaxnoDJeAkDvDKWCLiwIXkTgRhwYDEQCghU9Z6q03iyek/rxRh/2lC3HB7P8sWT2xC/y5JDctPLBIGzHKbhw==",
			"dev": true,
			"license": "MIT",
			"bin": {
				"prettier": "bin/prettier.cjs"
			},
			"engines": {
				"node": ">=14"
			},
			"funding": {
				"url": "https://github.com/prettier/prettier?sponsor=1"
			}
		},
		"node_modules/type-fest": {
			"version": "4.38.0",
			"resolved": "https://registry.npmjs.org/type-fest/-/type-fest-4.38.0.tgz",
			"integrity": "sha512-2dBz5D5ycHIoliLYLi0Q2V7KRaDlH0uWIvmk7TYlAg5slqwiPv1ezJdZm1QEM0xgk29oYWMCbIG7E6gHpvChlg==",
			"license": "(MIT OR CC0-1.0)",
			"engines": {
				"node": ">=16"
			},
			"funding": {
				"url": "https://github.com/sponsors/sindresorhus"
			}
		}
	}
}
